PODS:
  - FontAwesome.swift (0.11.1)
  - Nimble (5.0.0)
  - Quick (0.10.0)

DEPENDENCIES:
  - FontAwesome.swift (from `https://github.com/thii/FontAwesome.swift`)
  - Nimble
  - Quick

EXTERNAL SOURCES:
  FontAwesome.swift:
    :git: https://github.com/thii/FontAwesome.swift

CHECKOUT OPTIONS:
  FontAwesome.swift:
    :commit: 22b67f9c8a77a6ebcddedaa7640a62cb8292547f
    :git: https://github.com/thii/FontAwesome.swift

SPEC CHECKSUMS:
  FontAwesome.swift: 9879cd6a1462bf160662d519f7b7474d73bdd1c3
  Nimble: 56fc9f5020effa2206de22c3dd910f4fb011b92f
  Quick: 5d290df1c69d5ee2f0729956dcf0fd9a30447eaa

PODFILE CHECKSUM: 2dac64e20c8e4e5e6994af8941a31a5717ac8d4b

COCOAPODS: 1.0.1
