PODS:
  - FontAwesome.swift (0.11.1)

DEPENDENCIES:
  - FontAwesome.swift (from `https://github.com/thii/FontAwesome.swift`)

EXTERNAL SOURCES:
  FontAwesome.swift:
    :git: https://github.com/thii/FontAwesome.swift

CHECKOUT OPTIONS:
  FontAwesome.swift:
    :commit: 22b67f9c8a77a6ebcddedaa7640a62cb8292547f
    :git: https://github.com/thii/FontAwesome.swift

SPEC CHECKSUMS:
  FontAwesome.swift: 9879cd6a1462bf160662d519f7b7474d73bdd1c3

PODFILE CHECKSUM: f98a854ec8183142692a689200b05434d935180d

COCOAPODS: 1.0.1
